// !$*UTF8*$!
{
	archiveVersion = 1;
	classes = {
	};
	objectVersion = 56;
	objects = {

/* Begin PBXBuildFile section */
		FB120208295B874C00626CA6 /* AppDelegate.swift in Sources */ = {isa = PBXBuildFile; fileRef = FB120207295B874C00626CA6 /* AppDelegate.swift */; };
		FB12020A295B874C00626CA6 /* SceneDelegate.swift in Sources */ = {isa = PBXBuildFile; fileRef = FB120209295B874C00626CA6 /* SceneDelegate.swift */; };
		FB12020C295B874C00626CA6 /* OnboardingVC.swift in Sources */ = {isa = PBXBuildFile; fileRef = FB12020B295B874C00626CA6 /* OnboardingVC.swift */; };
		FB120214295B874D00626CA6 /* LaunchScreen.storyboard in Resources */ = {isa = PBXBuildFile; fileRef = FB120212295B874D00626CA6 /* LaunchScreen.storyboard */; };
		FB120225295B8D5000626CA6 /* Fonts.swift in Sources */ = {isa = PBXBuildFile; fileRef = FB120224295B8D5000626CA6 /* Fonts.swift */; };
		FB120228295B940900626CA6 /* SnapKit in Frameworks */ = {isa = PBXBuildFile; productRef = FB120227295B940900626CA6 /* SnapKit */; };
		FB12022A295B985B00626CA6 /* GlowBall.swift in Sources */ = {isa = PBXBuildFile; fileRef = FB120229295B985B00626CA6 /* GlowBall.swift */; };
		FB12022C295B99C600626CA6 /* DNViewController.swift in Sources */ = {isa = PBXBuildFile; fileRef = FB12022B295B99C600626CA6 /* DNViewController.swift */; };
		FB12022E295B9E7000626CA6 /* DazButton.swift in Sources */ = {isa = PBXBuildFile; fileRef = FB12022D295B9E7000626CA6 /* DazButton.swift */; };
		FB120230295BA8F000626CA6 /* OnboardingViewModel.swift in Sources */ = {isa = PBXBuildFile; fileRef = FB12022F295BA8F000626CA6 /* OnboardingViewModel.swift */; };
		FB120236295BAABC00626CA6 /* SignUpVC.swift in Sources */ = {isa = PBXBuildFile; fileRef = FB120235295BAABC00626CA6 /* SignUpVC.swift */; };
		FB120238295BACA700626CA6 /* DazTextField.swift in Sources */ = {isa = PBXBuildFile; fileRef = FB120237295BACA700626CA6 /* DazTextField.swift */; };
		FB4F8E51295C46F000F61AE9 /* UIApplication.swift in Sources */ = {isa = PBXBuildFile; fileRef = FB4F8E50295C46F000F61AE9 /* UIApplication.swift */; };
		FB4F8E53295C4A1F00F61AE9 /* UIColor.swift in Sources */ = {isa = PBXBuildFile; fileRef = FB4F8E52295C4A1F00F61AE9 /* UIColor.swift */; };
		FB4F8E55295C512E00F61AE9 /* SignUpViewModel.swift in Sources */ = {isa = PBXBuildFile; fileRef = FB4F8E54295C512E00F61AE9 /* SignUpViewModel.swift */; };
		FB4F8E57295C5C6F00F61AE9 /* SuccessVC.swift in Sources */ = {isa = PBXBuildFile; fileRef = FB4F8E56295C5C6F00F61AE9 /* SuccessVC.swift */; };
		FB4F8E59295C609A00F61AE9 /* HomeVC.swift in Sources */ = {isa = PBXBuildFile; fileRef = FB4F8E58295C609A00F61AE9 /* HomeVC.swift */; };
		FB4F8E5B295C616300F61AE9 /* MainTabBar.swift in Sources */ = {isa = PBXBuildFile; fileRef = FB4F8E5A295C616300F61AE9 /* MainTabBar.swift */; };
		FB4F8E5D295C716200F61AE9 /* SellerTableViewCell.swift in Sources */ = {isa = PBXBuildFile; fileRef = FB4F8E5C295C716200F61AE9 /* SellerTableViewCell.swift */; };
		FB4F8E60295C7D4800F61AE9 /* Seller.swift in Sources */ = {isa = PBXBuildFile; fileRef = FB4F8E5F295C7D4800F61AE9 /* Seller.swift */; };
		FB4F8E62295C870700F61AE9 /* NFTCollectionViewCell.swift in Sources */ = {isa = PBXBuildFile; fileRef = FB4F8E61295C870700F61AE9 /* NFTCollectionViewCell.swift */; };
		FB4F8E64295C93D000F61AE9 /* NFT.swift in Sources */ = {isa = PBXBuildFile; fileRef = FB4F8E63295C93CF00F61AE9 /* NFT.swift */; };
		FB959F47295BB433000FD311 /* Assets.xcassets in Resources */ = {isa = PBXBuildFile; fileRef = FB959F46295BB433000FD311 /* Assets.xcassets */; };
/* End PBXBuildFile section */

/* Begin PBXFileReference section */
		FB120204295B874C00626CA6 /* DazNFT.app */ = {isa = PBXFileReference; explicitFileType = wrapper.application; includeInIndex = 0; path = DazNFT.app; sourceTree = BUILT_PRODUCTS_DIR; };
		FB120207295B874C00626CA6 /* AppDelegate.swift */ = {isa = PBXFileReference; lastKnownFileType = sourcecode.swift; path = AppDelegate.swift; sourceTree = "<group>"; };
		FB120209295B874C00626CA6 /* SceneDelegate.swift */ = {isa = PBXFileReference; lastKnownFileType = sourcecode.swift; path = SceneDelegate.swift; sourceTree = "<group>"; };
		FB12020B295B874C00626CA6 /* OnboardingVC.swift */ = {isa = PBXFileReference; lastKnownFileType = sourcecode.swift; path = OnboardingVC.swift; sourceTree = "<group>"; };
		FB120213295B874D00626CA6 /* Base */ = {isa = PBXFileReference; lastKnownFileType = file.storyboard; name = Base; path = Base.lproj/LaunchScreen.storyboard; sourceTree = "<group>"; };
		FB120215295B874D00626CA6 /* Info.plist */ = {isa = PBXFileReference; lastKnownFileType = text.plist.xml; path = Info.plist; sourceTree = "<group>"; };
		FB120224295B8D5000626CA6 /* Fonts.swift */ = {isa = PBXFileReference; lastKnownFileType = sourcecode.swift; path = Fonts.swift; sourceTree = "<group>"; };
		FB120229295B985B00626CA6 /* GlowBall.swift */ = {isa = PBXFileReference; lastKnownFileType = sourcecode.swift; path = GlowBall.swift; sourceTree = "<group>"; };
		FB12022B295B99C600626CA6 /* DNViewController.swift */ = {isa = PBXFileReference; lastKnownFileType = sourcecode.swift; path = DNViewController.swift; sourceTree = "<group>"; };
		FB12022D295B9E7000626CA6 /* DazButton.swift */ = {isa = PBXFileReference; lastKnownFileType = sourcecode.swift; path = DazButton.swift; sourceTree = "<group>"; };
		FB12022F295BA8F000626CA6 /* OnboardingViewModel.swift */ = {isa = PBXFileReference; lastKnownFileType = sourcecode.swift; path = OnboardingViewModel.swift; sourceTree = "<group>"; };
		FB120235295BAABC00626CA6 /* SignUpVC.swift */ = {isa = PBXFileReference; lastKnownFileType = sourcecode.swift; path = SignUpVC.swift; sourceTree = "<group>"; };
		FB120237295BACA700626CA6 /* DazTextField.swift */ = {isa = PBXFileReference; lastKnownFileType = sourcecode.swift; path = DazTextField.swift; sourceTree = "<group>"; };
		FB4F8E50295C46F000F61AE9 /* UIApplication.swift */ = {isa = PBXFileReference; lastKnownFileType = sourcecode.swift; path = UIApplication.swift; sourceTree = "<group>"; };
		FB4F8E52295C4A1F00F61AE9 /* UIColor.swift */ = {isa = PBXFileReference; lastKnownFileType = sourcecode.swift; path = UIColor.swift; sourceTree = "<group>"; };
		FB4F8E54295C512E00F61AE9 /* SignUpViewModel.swift */ = {isa = PBXFileReference; lastKnownFileType = sourcecode.swift; path = SignUpViewModel.swift; sourceTree = "<group>"; };
		FB4F8E56295C5C6F00F61AE9 /* SuccessVC.swift */ = {isa = PBXFileReference; lastKnownFileType = sourcecode.swift; path = SuccessVC.swift; sourceTree = "<group>"; };
		FB4F8E58295C609A00F61AE9 /* HomeVC.swift */ = {isa = PBXFileReference; lastKnownFileType = sourcecode.swift; path = HomeVC.swift; sourceTree = "<group>"; };
		FB4F8E5A295C616300F61AE9 /* MainTabBar.swift */ = {isa = PBXFileReference; lastKnownFileType = sourcecode.swift; path = MainTabBar.swift; sourceTree = "<group>"; };
		FB4F8E5C295C716200F61AE9 /* SellerTableViewCell.swift */ = {isa = PBXFileReference; lastKnownFileType = sourcecode.swift; path = SellerTableViewCell.swift; sourceTree = "<group>"; };
		FB4F8E5F295C7D4800F61AE9 /* Seller.swift */ = {isa = PBXFileReference; lastKnownFileType = sourcecode.swift; path = Seller.swift; sourceTree = "<group>"; };
		FB4F8E61295C870700F61AE9 /* NFTCollectionViewCell.swift */ = {isa = PBXFileReference; lastKnownFileType = sourcecode.swift; path = NFTCollectionViewCell.swift; sourceTree = "<group>"; };
		FB4F8E63295C93CF00F61AE9 /* NFT.swift */ = {isa = PBXFileReference; lastKnownFileType = sourcecode.swift; path = NFT.swift; sourceTree = "<group>"; };
		FB959F46295BB433000FD311 /* Assets.xcassets */ = {isa = PBXFileReference; lastKnownFileType = folder.assetcatalog; path = Assets.xcassets; sourceTree = "<group>"; };
/* End PBXFileReference section */

/* Begin PBXFrameworksBuildPhase section */
		FB120201295B874C00626CA6 /* Frameworks */ = {
			isa = PBXFrameworksBuildPhase;
			buildActionMask = 2147483647;
			files = (
				FB120228295B940900626CA6 /* SnapKit in Frameworks */,
			);
			runOnlyForDeploymentPostprocessing = 0;
		};
/* End PBXFrameworksBuildPhase section */

/* Begin PBXGroup section */
		FB1201FB295B874C00626CA6 = {
			isa = PBXGroup;
			children = (
				FB120206295B874C00626CA6 /* DazNFT */,
				FB120205295B874C00626CA6 /* Products */,
			);
			sourceTree = "<group>";
		};
		FB120205295B874C00626CA6 /* Products */ = {
			isa = PBXGroup;
			children = (
				FB120204295B874C00626CA6 /* DazNFT.app */,
			);
			name = Products;
			sourceTree = "<group>";
		};
		FB120206295B874C00626CA6 /* DazNFT */ = {
			isa = PBXGroup;
			children = (
				FB4F8E5E295C7D4100F61AE9 /* Models */,
				FB4F8E4F295C46E900F61AE9 /* Extensions */,
				FB120223295B8D4B00626CA6 /* Fonts */,
				FB12021F295B87DE00626CA6 /* ViewModels */,
				FB12021E295B87D800626CA6 /* Controllers */,
				FB12021D295B87CC00626CA6 /* Views */,
				FB12021C295B878600626CA6 /* Resources */,
				FB12021B295B877400626CA6 /* AppDelegate */,
			);
			path = DazNFT;
			sourceTree = "<group>";
		};
		FB12021B295B877400626CA6 /* AppDelegate */ = {
			isa = PBXGroup;
			children = (
				FB120207295B874C00626CA6 /* AppDelegate.swift */,
				FB120209295B874C00626CA6 /* SceneDelegate.swift */,
			);
			path = AppDelegate;
			sourceTree = "<group>";
		};
		FB12021C295B878600626CA6 /* Resources */ = {
			isa = PBXGroup;
			children = (
				FB959F46295BB433000FD311 /* Assets.xcassets */,
				FB120215295B874D00626CA6 /* Info.plist */,
			);
			path = Resources;
			sourceTree = "<group>";
		};
		FB12021D295B87CC00626CA6 /* Views */ = {
			isa = PBXGroup;
			children = (
				FB120212295B874D00626CA6 /* LaunchScreen.storyboard */,
				FB120229295B985B00626CA6 /* GlowBall.swift */,
				FB12022D295B9E7000626CA6 /* DazButton.swift */,
				FB120237295BACA700626CA6 /* DazTextField.swift */,
				FB4F8E5C295C716200F61AE9 /* SellerTableViewCell.swift */,
				FB4F8E61295C870700F61AE9 /* NFTCollectionViewCell.swift */,
			);
			path = Views;
			sourceTree = "<group>";
		};
		FB12021E295B87D800626CA6 /* Controllers */ = {
			isa = PBXGroup;
			children = (
				FB12022B295B99C600626CA6 /* DNViewController.swift */,
				FB12020B295B874C00626CA6 /* OnboardingVC.swift */,
				FB120235295BAABC00626CA6 /* SignUpVC.swift */,
				FB4F8E56295C5C6F00F61AE9 /* SuccessVC.swift */,
				FB4F8E58295C609A00F61AE9 /* HomeVC.swift */,
				FB4F8E5A295C616300F61AE9 /* MainTabBar.swift */,
			);
			path = Controllers;
			sourceTree = "<group>";
		};
		FB12021F295B87DE00626CA6 /* ViewModels */ = {
			isa = PBXGroup;
			children = (
				FB12022F295BA8F000626CA6 /* OnboardingViewModel.swift */,
				FB4F8E54295C512E00F61AE9 /* SignUpViewModel.swift */,
			);
			path = ViewModels;
			sourceTree = "<group>";
		};
		FB120223295B8D4B00626CA6 /* Fonts */ = {
			isa = PBXGroup;
			children = (
				FB120224295B8D5000626CA6 /* Fonts.swift */,
			);
			path = Fonts;
			sourceTree = "<group>";
		};
		FB4F8E4F295C46E900F61AE9 /* Extensions */ = {
			isa = PBXGroup;
			children = (
				FB4F8E50295C46F000F61AE9 /* UIApplication.swift */,
				FB4F8E52295C4A1F00F61AE9 /* UIColor.swift */,
			);
			path = Extensions;
			sourceTree = "<group>";
		};
		FB4F8E5E295C7D4100F61AE9 /* Models */ = {
			isa = PBXGroup;
			children = (
				FB4F8E5F295C7D4800F61AE9 /* Seller.swift */,
				FB4F8E63295C93CF00F61AE9 /* NFT.swift */,
			);
			path = Models;
			sourceTree = "<group>";
		};
/* End PBXGroup section */

/* Begin PBXNativeTarget section */
		FB120203295B874C00626CA6 /* DazNFT */ = {
			isa = PBXNativeTarget;
			buildConfigurationList = FB120218295B874D00626CA6 /* Build configuration list for PBXNativeTarget "DazNFT" */;
			buildPhases = (
				FB120200295B874C00626CA6 /* Sources */,
				FB120201295B874C00626CA6 /* Frameworks */,
				FB120202295B874C00626CA6 /* Resources */,
			);
			buildRules = (
			);
			dependencies = (
			);
			name = DazNFT;
			packageProductDependencies = (
				FB120227295B940900626CA6 /* SnapKit */,
			);
			productName = DazNFT;
			productReference = FB120204295B874C00626CA6 /* DazNFT.app */;
			productType = "com.apple.product-type.application";
		};
/* End PBXNativeTarget section */

/* Begin PBXProject section */
		FB1201FC295B874C00626CA6 /* Project object */ = {
			isa = PBXProject;
			attributes = {
				BuildIndependentTargetsInParallel = 1;
				LastSwiftUpdateCheck = 1420;
				LastUpgradeCheck = 1420;
				TargetAttributes = {
					FB120203295B874C00626CA6 = {
						CreatedOnToolsVersion = 14.2;
					};
				};
			};
			buildConfigurationList = FB1201FF295B874C00626CA6 /* Build configuration list for PBXProject "DazNFT" */;
			compatibilityVersion = "Xcode 14.0";
			developmentRegion = en;
			hasScannedForEncodings = 0;
			knownRegions = (
				en,
				Base,
			);
			mainGroup = FB1201FB295B874C00626CA6;
			packageReferences = (
				FB120226295B940900626CA6 /* XCRemoteSwiftPackageReference "SnapKit" */,
			);
			productRefGroup = FB120205295B874C00626CA6 /* Products */;
			projectDirPath = "";
			projectRoot = "";
			targets = (
				FB120203295B874C00626CA6 /* DazNFT */,
			);
		};
/* End PBXProject section */

/* Begin PBXResourcesBuildPhase section */
		FB120202295B874C00626CA6 /* Resources */ = {
			isa = PBXResourcesBuildPhase;
			buildActionMask = 2147483647;
			files = (
				FB959F47295BB433000FD311 /* Assets.xcassets in Resources */,
				FB120214295B874D00626CA6 /* LaunchScreen.storyboard in Resources */,
			);
			runOnlyForDeploymentPostprocessing = 0;
		};
/* End PBXResourcesBuildPhase section */

/* Begin PBXSourcesBuildPhase section */
		FB120200295B874C00626CA6 /* Sources */ = {
			isa = PBXSourcesBuildPhase;
			buildActionMask = 2147483647;
			files = (
				FB4F8E5D295C716200F61AE9 /* SellerTableViewCell.swift in Sources */,
				FB4F8E51295C46F000F61AE9 /* UIApplication.swift in Sources */,
				FB4F8E55295C512E00F61AE9 /* SignUpViewModel.swift in Sources */,
				FB4F8E62295C870700F61AE9 /* NFTCollectionViewCell.swift in Sources */,
				FB4F8E57295C5C6F00F61AE9 /* SuccessVC.swift in Sources */,
				FB12020C295B874C00626CA6 /* OnboardingVC.swift in Sources */,
				FB12022A295B985B00626CA6 /* GlowBall.swift in Sources */,
				FB4F8E60295C7D4800F61AE9 /* Seller.swift in Sources */,
				FB120225295B8D5000626CA6 /* Fonts.swift in Sources */,
				FB4F8E59295C609A00F61AE9 /* HomeVC.swift in Sources */,
				FB120230295BA8F000626CA6 /* OnboardingViewModel.swift in Sources */,
				FB120208295B874C00626CA6 /* AppDelegate.swift in Sources */,
				FB4F8E64295C93D000F61AE9 /* NFT.swift in Sources */,
				FB12022E295B9E7000626CA6 /* DazButton.swift in Sources */,
				FB12022C295B99C600626CA6 /* DNViewController.swift in Sources */,
				FB4F8E53295C4A1F00F61AE9 /* UIColor.swift in Sources */,
				FB4F8E5B295C616300F61AE9 /* MainTabBar.swift in Sources */,
				FB120238295BACA700626CA6 /* DazTextField.swift in Sources */,
				FB120236295BAABC00626CA6 /* SignUpVC.swift in Sources */,
				FB12020A295B874C00626CA6 /* SceneDelegate.swift in Sources */,
			);
			runOnlyForDeploymentPostprocessing = 0;
		};
/* End PBXSourcesBuildPhase section */

/* Begin PBXVariantGroup section */
		FB120212295B874D00626CA6 /* LaunchScreen.storyboard */ = {
			isa = PBXVariantGroup;
			children = (
				FB120213295B874D00626CA6 /* Base */,
			);
			name = LaunchScreen.storyboard;
			sourceTree = "<group>";
		};
/* End PBXVariantGroup section */

/* Begin XCBuildConfiguration section */
		FB120216295B874D00626CA6 /* Debug */ = {
			isa = XCBuildConfiguration;
			buildSettings = {
				ALWAYS_SEARCH_USER_PATHS = NO;
				CLANG_ANALYZER_NONNULL = YES;
				CLANG_ANALYZER_NUMBER_OBJECT_CONVERSION = YES_AGGRESSIVE;
				CLANG_CXX_LANGUAGE_STANDARD = "gnu++20";
				CLANG_ENABLE_MODULES = YES;
				CLANG_ENABLE_OBJC_ARC = YES;
				CLANG_ENABLE_OBJC_WEAK = YES;
				CLANG_WARN_BLOCK_CAPTURE_AUTORELEASING = YES;
				CLANG_WARN_BOOL_CONVERSION = YES;
				CLANG_WARN_COMMA = YES;
				CLANG_WARN_CONSTANT_CONVERSION = YES;
				CLANG_WARN_DEPRECATED_OBJC_IMPLEMENTATIONS = YES;
				CLANG_WARN_DIRECT_OBJC_ISA_USAGE = YES_ERROR;
				CLANG_WARN_DOCUMENTATION_COMMENTS = YES;
				CLANG_WARN_EMPTY_BODY = YES;
				CLANG_WARN_ENUM_CONVERSION = YES;
				CLANG_WARN_INFINITE_RECURSION = YES;
				CLANG_WARN_INT_CONVERSION = YES;
				CLANG_WARN_NON_LITERAL_NULL_CONVERSION = YES;
				CLANG_WARN_OBJC_IMPLICIT_RETAIN_SELF = YES;
				CLANG_WARN_OBJC_LITERAL_CONVERSION = YES;
				CLANG_WARN_OBJC_ROOT_CLASS = YES_ERROR;
				CLANG_WARN_QUOTED_INCLUDE_IN_FRAMEWORK_HEADER = YES;
				CLANG_WARN_RANGE_LOOP_ANALYSIS = YES;
				CLANG_WARN_STRICT_PROTOTYPES = YES;
				CLANG_WARN_SUSPICIOUS_MOVE = YES;
				CLANG_WARN_UNGUARDED_AVAILABILITY = YES_AGGRESSIVE;
				CLANG_WARN_UNREACHABLE_CODE = YES;
				CLANG_WARN__DUPLICATE_METHOD_MATCH = YES;
				COPY_PHASE_STRIP = NO;
				DEBUG_INFORMATION_FORMAT = dwarf;
				ENABLE_STRICT_OBJC_MSGSEND = YES;
				ENABLE_TESTABILITY = YES;
				GCC_C_LANGUAGE_STANDARD = gnu11;
				GCC_DYNAMIC_NO_PIC = NO;
				GCC_NO_COMMON_BLOCKS = YES;
				GCC_OPTIMIZATION_LEVEL = 0;
				GCC_PREPROCESSOR_DEFINITIONS = (
					"DEBUG=1",
					"$(inherited)",
				);
				GCC_WARN_64_TO_32_BIT_CONVERSION = YES;
				GCC_WARN_ABOUT_RETURN_TYPE = YES_ERROR;
				GCC_WARN_UNDECLARED_SELECTOR = YES;
				GCC_WARN_UNINITIALIZED_AUTOS = YES_AGGRESSIVE;
				GCC_WARN_UNUSED_FUNCTION = YES;
				GCC_WARN_UNUSED_VARIABLE = YES;
				IPHONEOS_DEPLOYMENT_TARGET = 16.2;
				MTL_ENABLE_DEBUG_INFO = INCLUDE_SOURCE;
				MTL_FAST_MATH = YES;
				ONLY_ACTIVE_ARCH = YES;
				SDKROOT = iphoneos;
				SWIFT_ACTIVE_COMPILATION_CONDITIONS = DEBUG;
				SWIFT_OPTIMIZATION_LEVEL = "-Onone";
			};
			name = Debug;
		};
		FB120217295B874D00626CA6 /* Release */ = {
			isa = XCBuildConfiguration;
			buildSettings = {
				ALWAYS_SEARCH_USER_PATHS = NO;
				CLANG_ANALYZER_NONNULL = YES;
				CLANG_ANALYZER_NUMBER_OBJECT_CONVERSION = YES_AGGRESSIVE;
				CLANG_CXX_LANGUAGE_STANDARD = "gnu++20";
				CLANG_ENABLE_MODULES = YES;
				CLANG_ENABLE_OBJC_ARC = YES;
				CLANG_ENABLE_OBJC_WEAK = YES;
				CLANG_WARN_BLOCK_CAPTURE_AUTORELEASING = YES;
				CLANG_WARN_BOOL_CONVERSION = YES;
				CLANG_WARN_COMMA = YES;
				CLANG_WARN_CONSTANT_CONVERSION = YES;
				CLANG_WARN_DEPRECATED_OBJC_IMPLEMENTATIONS = YES;
				CLANG_WARN_DIRECT_OBJC_ISA_USAGE = YES_ERROR;
				CLANG_WARN_DOCUMENTATION_COMMENTS = YES;
				CLANG_WARN_EMPTY_BODY = YES;
				CLANG_WARN_ENUM_CONVERSION = YES;
				CLANG_WARN_INFINITE_RECURSION = YES;
				CLANG_WARN_INT_CONVERSION = YES;
				CLANG_WARN_NON_LITERAL_NULL_CONVERSION = YES;
				CLANG_WARN_OBJC_IMPLICIT_RETAIN_SELF = YES;
				CLANG_WARN_OBJC_LITERAL_CONVERSION = YES;
				CLANG_WARN_OBJC_ROOT_CLASS = YES_ERROR;
				CLANG_WARN_QUOTED_INCLUDE_IN_FRAMEWORK_HEADER = YES;
				CLANG_WARN_RANGE_LOOP_ANALYSIS = YES;
				CLANG_WARN_STRICT_PROTOTYPES = YES;
				CLANG_WARN_SUSPICIOUS_MOVE = YES;
				CLANG_WARN_UNGUARDED_AVAILABILITY = YES_AGGRESSIVE;
				CLANG_WARN_UNREACHABLE_CODE = YES;
				CLANG_WARN__DUPLICATE_METHOD_MATCH = YES;
				COPY_PHASE_STRIP = NO;
				DEBUG_INFORMATION_FORMAT = "dwarf-with-dsym";
				ENABLE_NS_ASSERTIONS = NO;
				ENABLE_STRICT_OBJC_MSGSEND = YES;
				GCC_C_LANGUAGE_STANDARD = gnu11;
				GCC_NO_COMMON_BLOCKS = YES;
				GCC_WARN_64_TO_32_BIT_CONVERSION = YES;
				GCC_WARN_ABOUT_RETURN_TYPE = YES_ERROR;
				GCC_WARN_UNDECLARED_SELECTOR = YES;
				GCC_WARN_UNINITIALIZED_AUTOS = YES_AGGRESSIVE;
				GCC_WARN_UNUSED_FUNCTION = YES;
				GCC_WARN_UNUSED_VARIABLE = YES;
				IPHONEOS_DEPLOYMENT_TARGET = 16.2;
				MTL_ENABLE_DEBUG_INFO = NO;
				MTL_FAST_MATH = YES;
				SDKROOT = iphoneos;
				SWIFT_COMPILATION_MODE = wholemodule;
				SWIFT_OPTIMIZATION_LEVEL = "-O";
				VALIDATE_PRODUCT = YES;
			};
			name = Release;
		};
		FB120219295B874D00626CA6 /* Debug */ = {
			isa = XCBuildConfiguration;
			buildSettings = {
				ASSETCATALOG_COMPILER_APPICON_NAME = AppIcon;
				ASSETCATALOG_COMPILER_GLOBAL_ACCENT_COLOR_NAME = AccentColor;
				CODE_SIGN_STYLE = Automatic;
				CURRENT_PROJECT_VERSION = 1;
				DEVELOPMENT_TEAM = HG8VJQPKXZ;
				GENERATE_INFOPLIST_FILE = YES;
				INFOPLIST_FILE = DazNFT/Resources/Info.plist;
				INFOPLIST_KEY_UIApplicationSupportsIndirectInputEvents = YES;
				INFOPLIST_KEY_UILaunchStoryboardName = LaunchScreen;
				INFOPLIST_KEY_UISupportedInterfaceOrientations = UIInterfaceOrientationPortrait;
				INFOPLIST_KEY_UISupportedInterfaceOrientations_iPad = "UIInterfaceOrientationLandscapeLeft UIInterfaceOrientationLandscapeRight UIInterfaceOrientationPortrait UIInterfaceOrientationPortraitUpsideDown";
				LD_RUNPATH_SEARCH_PATHS = (
					"$(inherited)",
					"@executable_path/Frameworks",
				);
				MARKETING_VERSION = 1.0;
				PRODUCT_BUNDLE_IDENTIFIER = dev.nsemir.DazNFT;
				PRODUCT_NAME = "$(TARGET_NAME)";
				SUPPORTED_PLATFORMS = "iphoneos iphonesimulator";
				SUPPORTS_MACCATALYST = NO;
				SUPPORTS_MAC_DESIGNED_FOR_IPHONE_IPAD = NO;
				SWIFT_EMIT_LOC_STRINGS = YES;
				SWIFT_VERSION = 5.0;
				TARGETED_DEVICE_FAMILY = 1;
			};
			name = Debug;
		};
		FB12021A295B874D00626CA6 /* Release */ = {
			isa = XCBuildConfiguration;
			buildSettings = {
				ASSETCATALOG_COMPILER_APPICON_NAME = AppIcon;
				ASSETCATALOG_COMPILER_GLOBAL_ACCENT_COLOR_NAME = AccentColor;
				CODE_SIGN_STYLE = Automatic;
				CURRENT_PROJECT_VERSION = 1;
				DEVELOPMENT_TEAM = HG8VJQPKXZ;
				GENERATE_INFOPLIST_FILE = YES;
				INFOPLIST_FILE = DazNFT/Resources/Info.plist;
				INFOPLIST_KEY_UIApplicationSupportsIndirectInputEvents = YES;
				INFOPLIST_KEY_UILaunchStoryboardName = LaunchScreen;
				INFOPLIST_KEY_UISupportedInterfaceOrientations = UIInterfaceOrientationPortrait;
				INFOPLIST_KEY_UISupportedInterfaceOrientations_iPad = "UIInterfaceOrientationLandscapeLeft UIInterfaceOrientationLandscapeRight UIInterfaceOrientationPortrait UIInterfaceOrientationPortraitUpsideDown";
				LD_RUNPATH_SEARCH_PATHS = (
					"$(inherited)",
					"@executable_path/Frameworks",
				);
				MARKETING_VERSION = 1.0;
				PRODUCT_BUNDLE_IDENTIFIER = dev.nsemir.DazNFT;
				PRODUCT_NAME = "$(TARGET_NAME)";
				SUPPORTED_PLATFORMS = "iphoneos iphonesimulator";
				SUPPORTS_MACCATALYST = NO;
				SUPPORTS_MAC_DESIGNED_FOR_IPHONE_IPAD = NO;
				SWIFT_EMIT_LOC_STRINGS = YES;
				SWIFT_VERSION = 5.0;
				TARGETED_DEVICE_FAMILY = 1;
			};
			name = Release;
		};
/* End XCBuildConfiguration section */

/* Begin XCConfigurationList section */
		FB1201FF295B874C00626CA6 /* Build configuration list for PBXProject "DazNFT" */ = {
			isa = XCConfigurationList;
			buildConfigurations = (
				FB120216295B874D00626CA6 /* Debug */,
				FB120217295B874D00626CA6 /* Release */,
			);
			defaultConfigurationIsVisible = 0;
			defaultConfigurationName = Release;
		};
		FB120218295B874D00626CA6 /* Build configuration list for PBXNativeTarget "DazNFT" */ = {
			isa = XCConfigurationList;
			buildConfigurations = (
				FB120219295B874D00626CA6 /* Debug */,
				FB12021A295B874D00626CA6 /* Release */,
			);
			defaultConfigurationIsVisible = 0;
			defaultConfigurationName = Release;
		};
/* End XCConfigurationList section */

/* Begin XCRemoteSwiftPackageReference section */
		FB120226295B940900626CA6 /* XCRemoteSwiftPackageReference "SnapKit" */ = {
			isa = XCRemoteSwiftPackageReference;
			repositoryURL = "https://github.com/SnapKit/SnapKit";
			requirement = {
				kind = upToNextMajorVersion;
				minimumVersion = 5.0.0;
			};
		};
/* End XCRemoteSwiftPackageReference section */

/* Begin XCSwiftPackageProductDependency section */
		FB120227295B940900626CA6 /* SnapKit */ = {
			isa = XCSwiftPackageProductDependency;
			package = FB120226295B940900626CA6 /* XCRemoteSwiftPackageReference "SnapKit" */;
			productName = SnapKit;
		};
/* End XCSwiftPackageProductDependency section */
	};
	rootObject = FB1201FC295B874C00626CA6 /* Project object */;
}
